Microsoft Visual Studio Solution File, Format Version 11.00
# Visual Studio 2010
Project("{F184B08F-C81C-45F6-A57F-5ABD9991F28F}") = "WindowsApplication18", "WindowsApplication18.vbproj", "{54867576-4580-4318-8D66-297DE9D30930}"
EndProject
Global
	GlobalSection(SolutionConfigurationPlatforms) = preSolution
		Debug|Any CPU = Debug|Any CPU
		Release|Any CPU = Release|Any CPU
	EndGlobalSection
	GlobalSection(ProjectConfigurationPlatforms) = postSolution
		{54867576-4580-4318-8D66-297DE9D30930}.Debug|Any CPU.ActiveCfg = Debug|Any CPU
		{54867576-4580-4318-8D66-297DE9D30930}.Debug|Any CPU.Build.0 = Debug|Any CPU
		{54867576-4580-4318-8D66-297DE9D30930}.Release|Any CPU.ActiveCfg = Release|Any CPU
		{54867576-4580-4318-8D66-297DE9D30930}.Release|Any CPU.Build.0 = Release|Any CPU
	EndGlobalSection
	GlobalSection(SolutionProperties) = preSolution
		HideSolutionNode = FALSE
	EndGlobalSection
EndGlobal
